{
  "version": 2,
  "dependencies": {
    "net10.0": {
      "DotNetProjectFile.Analyzers": {
        "type": "Direct",
        "requested": "[1.12.2, )",
        "resolved": "1.12.2",
        "contentHash": "fipSHWciBSOFAV3XqNiET+Zrl3/ATohHEamilaL9CS3cfJ2YYpLBk/w1jc1vURPfyhhYbggTw7XG6/IChQOFvA=="
      },
      "Meziantou.Analyzer": {
        "type": "Direct",
        "requested": "[2.0.219, )",
        "resolved": "2.0.219",
        "contentHash": "vknqxTO59DkRmsuyA3GoQ8zLODHTVrt2enVozcRLY22D3LRJm3qRNYIkpFl1lfejOsahrMwObtYzKLmWf7/XTQ=="
      },
      "Microsoft.VisualStudio.Threading.Analyzers": {
        "type": "Direct",
        "requested": "[17.13.61, )",
        "resolved": "17.13.61",
        "contentHash": "9ysRZR7xkVFsbwWjk0dx5tefySxhNMMwxmIr3G6UaFeugYE+TEghaTsmGiwT39maa2WFvH4zvjnEfDaCLq+Dtw=="
      },
      "PublicApiGenerator": {
        "type": "Direct",
        "requested": "[11.4.6, )",
        "resolved": "11.4.6",
        "contentHash": "dg+b2XIWu2n+ifCo91UHrFAXJvpAHTU4GlNbPUewDqAmiGFo1wV0DSdJiC++HMWtHfcCYBIwRkT2Fhi9vv3new==",
        "dependencies": {
          "Mono.Cecil": "0.11.6",
          "System.CodeDom": "6.0.0"
        }
      },
      "Roslynator.Analyzers": {
        "type": "Direct",
        "requested": "[4.13.1, )",
        "resolved": "4.13.1",
        "contentHash": "KZpLy6ZlCebMk+d/3I5KU2R7AOb4LNJ6tPJqPtvFXmO8bEBHQvCIAvJOnY2tu4C9/aVOROTDYUFADxFqw1gh/g=="
      },
      "SonarAnalyzer.CSharp": {
        "type": "Direct",
        "requested": "[10.24.0.138807, )",
        "resolved": "10.24.0.138807",
        "contentHash": "+ZEa1+KhNSulMSatpffgHnovbLGtYL9oukMh8uQp8RBDnPOjEFzvECSa4kfu1D4PJxErksiGOQQ+kDeao1x9jQ=="
      },
      "TUnit": {
        "type": "Direct",
        "requested": "[1.41.0, )",
        "resolved": "1.41.0",
        "contentHash": "V8vw9TH7G5d6i7AfSMsNpJLlChIFP5883tj9+/v7t/S6PIo8vEaXTQeDCmvTjEs+a/mpzPyzIfiO8KD7A/AeTQ==",
        "dependencies": {
          "Microsoft.Testing.Extensions.CodeCoverage": "18.6.2",
          "Microsoft.Testing.Extensions.Telemetry": "2.2.1",
          "Microsoft.Testing.Extensions.TrxReport": "2.2.1",
          "TUnit.Assertions": "1.41.0",
          "TUnit.Engine": "1.41.0"
        }
      },
      "Verify.TUnit": {
        "type": "Direct",
        "requested": "[31.16.2, )",
        "resolved": "31.16.2",
        "contentHash": "pPsu9mFKat+D3zvnZ0Uh9xsQqe+NEb50boqHk1/73/xHCi1diLpE4H69bEs5aMifwxQp7NY8gYOH2fC/ATYvsA==",
        "dependencies": {
          "Argon": "0.33.5",
          "DiffEngine": "19.1.3",
          "SimpleInfoName": "3.2.0",
          "TUnit.Core": "1.37.36",
          "Verify": "31.16.2"
        }
      },
      "Argon": {
        "type": "Transitive",
        "resolved": "0.33.5",
        "contentHash": "J6821zxO+EqMzO9C/V5uiWc2eBGyzN7Z8Z0xq3Q1/e6IxYcHDA32OgiZX5/7/f8rVPQQa7aYtm6f0UfnrgKNBg=="
      },
      "DiffEngine": {
        "type": "Transitive",
        "resolved": "19.1.3",
        "contentHash": "4Tsn/JeL5GF4RJhW1yTtUPMqYWck1eOfJwE3CrlQsOlrFc9WyUxZPgywB7zvRPi6pVKShzcch0WbTkWe3GB7HA==",
        "dependencies": {
          "EmptyFiles": "8.18.1"
        }
      },
      "EmptyFiles": {
        "type": "Transitive",
        "resolved": "8.18.1",
        "contentHash": "5gA7ICU+CafaHJLbrL/lOEABwkmXS6089WoCbn+NkIul2ATAGGzQsD4cXOFmYmQp6b9Jd/f4bb2EK+14dY75Pw=="
      },
      "EnumerableAsyncProcessor": {
        "type": "Transitive",
        "resolved": "3.8.4",
        "contentHash": "KlbpupRCz3Kf+P7gsiDvFXJ980i/9lfihMZFmmxIk0Gf6mopEjy74OTJZmdaKDQpE29eQDBnMZB5khyW3eugrg=="
      },
      "Microsoft.ApplicationInsights": {
        "type": "Transitive",
        "resolved": "2.23.0",
        "contentHash": "nWArUZTdU7iqZLycLKWe0TDms48KKGE6pONH2terYNa8REXiqixrMOkf1sk5DHGMaUTqONU2YkS4SAXBhLStgw=="
      },
      "Microsoft.DiaSymReader": {
        "type": "Transitive",
        "resolved": "2.2.5",
        "contentHash": "Cq0DLpL8oQmXX3EUCClAYWDBy7Nf3Km6kmUw/eYWlYcTeC3g3Nekd/Z/ldsiy+Oi3xboanlQV9oaVCkgdLEhOQ=="
      },
      "Microsoft.Extensions.Compliance.Abstractions": {
        "type": "Transitive",
        "resolved": "10.0.0",
        "contentHash": "dfJxd9USR8BbRzZZPWVoqFVVESJRTUh2tn6TmSPQsJ2mJjvGsGJGlELM9vctAfgthajBicRZ9zzxsu6s4VUmMQ==",
        "dependencies": {
          "Microsoft.Extensions.DependencyInjection.Abstractions": "10.0.0",
          "Microsoft.Extensions.ObjectPool": "10.0.0"
        }
      },
      "Microsoft.Extensions.Configuration": {
        "type": "Transitive",
        "resolved": "10.0.0",
        "contentHash": "H4SWETCh/cC5L1WtWchHR6LntGk3rDTTznZMssr4cL8IbDmMWBxY+MOGDc/ASnqNolLKPIWHWeuC1ddiL/iNPw==",
        "dependencies": {
          "Microsoft.Extensions.Configuration.Abstractions": "10.0.0",
          "Microsoft.Extensions.Primitives": "10.0.0"
        }
      },
      "Microsoft.Extensions.Configuration.Abstractions": {
        "type": "Transitive",
        "resolved": "10.0.0",
        "contentHash": "d2kDKnCsJvY7mBVhcjPSp9BkJk48DsaHPg5u+Oy4f8XaOqnEedRy/USyvnpHL92wpJ6DrTPy7htppUUzskbCXQ==",
        "dependencies": {
          "Microsoft.Extensions.Primitives": "10.0.0"
        }
      },
      "Microsoft.Extensions.Configuration.Binder": {
        "type": "Transitive",
        "resolved": "10.0.0",
        "contentHash": "tMF9wNh+hlyYDWB8mrFCQHQmWHlRosol1b/N2Jrefy1bFLnuTlgSYmPyHNmz8xVQgs7DpXytBRWxGhG+mSTp0g==",
        "dependencies": {
          "Microsoft.Extensions.Configuration": "10.0.0",
          "Microsoft.Extensions.Configuration.Abstractions": "10.0.0"
        }
      },
      "Microsoft.Extensions.DependencyInjection": {
        "type": "Transitive",
        "resolved": "10.0.0",
        "contentHash": "f0RBabswJq+gRu5a+hWIobrLWiUYPKMhCD9WO3sYBAdSy3FFH14LMvLVFZc2kPSCimBLxSuitUhsd6tb0TAY6A==",
        "dependencies": {
          "Microsoft.Extensions.DependencyInjection.Abstractions": "10.0.0"
        }
      },
      "Microsoft.Extensions.DependencyInjection.Abstractions": {
        "type": "Transitive",
        "resolved": "10.0.0",
        "contentHash": "L3AdmZ1WOK4XXT5YFPEwyt0ep6l8lGIPs7F5OOBZc77Zqeo01Of7XXICy47628sdVl0v/owxYJTe86DTgFwKCA=="
      },
      "Microsoft.Extensions.DependencyModel": {
        "type": "Transitive",
        "resolved": "8.0.2",
        "contentHash": "mUBDZZRgZrSyFOsJ2qJJ9fXfqd/kXJwf3AiDoqLD9m6TjY5OO/vLNOb9fb4juC0487eq4hcGN/M2Rh/CKS7QYw=="
      },
      "Microsoft.Extensions.Logging": {
        "type": "Transitive",
        "resolved": "10.0.0",
        "contentHash": "BStFkd5CcnEtarlcgYDBcFzGYCuuNMzPs02wN3WBsOFoYIEmYoUdAiU+au6opzoqfTYJsMTW00AeqDdnXH2CvA==",
        "dependencies": {
          "Microsoft.Extensions.DependencyInjection": "10.0.0",
          "Microsoft.Extensions.Logging.Abstractions": "10.0.0",
          "Microsoft.Extensions.Options": "10.0.0"
        }
      },
      "Microsoft.Extensions.Logging.Abstractions": {
        "type": "Transitive",
        "resolved": "10.0.0",
        "contentHash": "FU/IfjDfwaMuKr414SSQNTIti/69bHEMb+QKrskRb26oVqpx3lNFXMjs/RC9ZUuhBhcwDM2BwOgoMw+PZ+beqQ==",
        "dependencies": {
          "Microsoft.Extensions.DependencyInjection.Abstractions": "10.0.0"
        }
      },
      "Microsoft.Extensions.ObjectPool": {
        "type": "Transitive",
        "resolved": "10.0.0",
        "contentHash": "bpeCq0IYmVLACyEUMzFIOQX+zZUElG1t+nu1lSxthe7B+1oNYking7b91305+jNB6iwojp9fqTY9O+Nh7ULQxg=="
      },
      "Microsoft.Extensions.Options": {
        "type": "Transitive",
        "resolved": "10.0.0",
        "contentHash": "8oCAgXOow5XDrY9HaXX1QmH3ORsyZO/ANVHBlhLyCeWTH5Sg4UuqZeOTWJi6484M+LqSx0RqQXDJtdYy2BNiLQ==",
        "dependencies": {
          "Microsoft.Extensions.DependencyInjection.Abstractions": "10.0.0",
          "Microsoft.Extensions.Primitives": "10.0.0"
        }
      },
      "Microsoft.Extensions.Options.ConfigurationExtensions": {
        "type": "Transitive",
        "resolved": "10.0.0",
        "contentHash": "tL9cSl3maS5FPzp/3MtlZI21ExWhni0nnUCF8HY4npTsINw45n9SNDbkKXBMtFyUFGSsQep25fHIDN4f/Vp3AQ==",
        "dependencies": {
          "Microsoft.Extensions.Configuration.Abstractions": "10.0.0",
          "Microsoft.Extensions.Configuration.Binder": "10.0.0",
          "Microsoft.Extensions.DependencyInjection.Abstractions": "10.0.0",
          "Microsoft.Extensions.Options": "10.0.0",
          "Microsoft.Extensions.Primitives": "10.0.0"
        }
      },
      "Microsoft.Extensions.Primitives": {
        "type": "Transitive",
        "resolved": "10.0.0",
        "contentHash": "inRnbpCS0nwO/RuoZIAqxQUuyjaknOOnCEZB55KSMMjRhl0RQDttSmLSGsUJN3RQ3ocf5NDLFd2mOQViHqMK5w=="
      },
      "Microsoft.Extensions.Telemetry.Abstractions": {
        "type": "Transitive",
        "resolved": "10.0.0",
        "contentHash": "M17n6IpgutodXxwTZk1r5Jp2ZZ995FJTKMxiEQSr6vT3iwRfRq2HWzzrR1B6N3MpJhDfI2QuMdCOLUq++GCsQg==",
        "dependencies": {
          "Microsoft.Extensions.Compliance.Abstractions": "10.0.0",
          "Microsoft.Extensions.Logging.Abstractions": "10.0.0",
          "Microsoft.Extensions.ObjectPool": "10.0.0",
          "Microsoft.Extensions.Options": "10.0.0"
        }
      },
      "Microsoft.Testing.Extensions.CodeCoverage": {
        "type": "Transitive",
        "resolved": "18.6.2",
        "contentHash": "vRDhB96XQyVdYFp4cQZOMz/lx0okfCdzTXPxGiuFhKx2yUL0FT/skTpnTv+7x13+tjNOcT39i2Ln3BYtslzf2w==",
        "dependencies": {
          "Microsoft.DiaSymReader": "2.2.5",
          "Microsoft.Extensions.DependencyModel": "8.0.2",
          "Microsoft.Testing.Platform": "2.1.0"
        }
      },
      "Microsoft.Testing.Extensions.Telemetry": {
        "type": "Transitive",
        "resolved": "2.2.1",
        "contentHash": "7zB8BjffOyvqfHF26rFVPuK0w1fCf5+j1tLuhHIr76CqxXkGb+fMJtq6YNOV+m6qPytExHMXxluk3RgJ+dSIqw==",
        "dependencies": {
          "Microsoft.ApplicationInsights": "2.23.0",
          "Microsoft.Testing.Platform": "2.2.1"
        }
      },
      "Microsoft.Testing.Extensions.TrxReport": {
        "type": "Transitive",
        "resolved": "2.2.1",
        "contentHash": "FWaktPQHSiZh/+2ft2PHH/4bLlg8BKlrbLiil8mRcpoP0oHzKpgBfmN3QepGlAbxG0yDrZGN8tuPy77FYdEaMw==",
        "dependencies": {
          "Microsoft.Testing.Extensions.TrxReport.Abstractions": "2.2.1",
          "Microsoft.Testing.Platform": "2.2.1"
        }
      },
      "Microsoft.Testing.Extensions.TrxReport.Abstractions": {
        "type": "Transitive",
        "resolved": "2.2.1",
        "contentHash": "RD6D1Jx6cKDA5IHd1H2q8ylIuQG3PD+gdULI0JC8CvsRtaypFzTFpB5xDPuQi8o6kAkcM04cBhAiJPxZboNH2Q==",
        "dependencies": {
          "Microsoft.Testing.Platform": "2.2.1"
        }
      },
      "Microsoft.Testing.Platform": {
        "type": "Transitive",
        "resolved": "2.2.1",
        "contentHash": "9bbPuls/b6/vUFzxbSjJLZlJHyKBfOZE5kjIY+ITI2ASqlFPJhR83BdLydJeQOCLEZhEbrEcz5xtt1B69nwSVg=="
      },
      "Microsoft.Testing.Platform.MSBuild": {
        "type": "Transitive",
        "resolved": "2.2.1",
        "contentHash": "CSJOcZHfKlTyPbS0CTJk6iEnU4gJC+eUA5z72UBnMDRdgVHYOmB8k9Y7jT233gZjnCOQiYFg3acQHRfu2H62nw==",
        "dependencies": {
          "Microsoft.Testing.Platform": "2.2.1"
        }
      },
      "Mono.Cecil": {
        "type": "Transitive",
        "resolved": "0.11.6",
        "contentHash": "f33RkDtZO8VlGXCtmQIviOtxgnUdym9xx/b1p9h91CRGOsJFxCFOFK1FDbVt1OCf1aWwYejUFa2MOQyFWTFjbA=="
      },
      "SimpleInfoName": {
        "type": "Transitive",
        "resolved": "3.2.0",
        "contentHash": "K8ivHRbPWfncijk62Dan/r/z55gwq3aFzqB6yFlD9X0bbpIaacHyHH2cpcIdz0FECUpERUZTwxts0z4gRWpQpA=="
      },
      "System.CodeDom": {
        "type": "Transitive",
        "resolved": "6.0.0",
        "contentHash": "CPc6tWO1LAer3IzfZufDBRL+UZQcj5uS207NHALQzP84Vp/z6wF0Aa0YZImOQY8iStY0A2zI/e3ihKNPfUm8XA=="
      },
      "TUnit.Core": {
        "type": "Transitive",
        "resolved": "1.41.0",
        "contentHash": "hMOlFGjwkYawVFceJCt5NN2qLYjkhxKZaxj65XzB9z+wfBagpkfxPPmvy8111qHpBmVeP8bZgmMMcfaYN2T1Mw=="
      },
      "TUnit.Engine": {
        "type": "Transitive",
        "resolved": "1.41.0",
        "contentHash": "glf9ezKpxUrgO5/+TeFI6NC2EvbV7j1Qkbu1lyhzEB86/hBguiYfE7+J0z7rauh6n4yz6uSKb+gEyk63+78VUw==",
        "dependencies": {
          "EnumerableAsyncProcessor": "3.8.4",
          "Microsoft.Testing.Extensions.TrxReport.Abstractions": "2.2.1",
          "Microsoft.Testing.Platform": "2.2.1",
          "Microsoft.Testing.Platform.MSBuild": "2.2.1",
          "TUnit.Core": "1.41.0"
        }
      },
      "Verify": {
        "type": "Transitive",
        "resolved": "31.16.2",
        "contentHash": "5FfUZ61HNRr10S/SvXT4NAf61jUw1B+jgxKDN74hHGVW7K+QyZ/M7lyz6fqVF4RHYU6kSZhtVtKWFgrs3yuBQg==",
        "dependencies": {
          "Argon": "0.33.5",
          "DiffEngine": "19.1.3",
          "SimpleInfoName": "3.2.0"
        }
      },
      "logassertions.tunit": {
        "type": "Project",
        "dependencies": {
          "Microsoft.Extensions.Diagnostics.Testing": "[10.0.0, )",
          "TUnit.Assertions": "[1.41.0, )"
        }
      },
      "Microsoft.Extensions.Diagnostics.Testing": {
        "type": "CentralTransitive",
        "requested": "[10.0.0, )",
        "resolved": "10.0.0",
        "contentHash": "zvzotGS6F9rifcySDseSnfPr//IK4PEqkIbor25jxlAt3aFtF/7kC8xFtCOUArVSkLnrKeNQNqGHau8/Uwg7mQ==",
        "dependencies": {
          "Microsoft.Extensions.Logging": "10.0.0",
          "Microsoft.Extensions.Options.ConfigurationExtensions": "10.0.0",
          "Microsoft.Extensions.Telemetry.Abstractions": "10.0.0"
        }
      },
      "TUnit.Assertions": {
        "type": "CentralTransitive",
        "requested": "[1.41.0, )",
        "resolved": "1.41.0",
        "contentHash": "MsZS2qY1H68uItiHF1PMFzfGprPGTAkWpcIZf6oMQJ6bWWHOWL+Y0fswa945a56S+G/vdaoi5+ZyC1DgA2nbRg=="
      }
    }
  }
}